{
  "nodes": {
    "nixpkgs": {
      "locked": {
        "lastModified": 1737973256,
        "narHash": "sha256-IJDRjMOYzh1DATVeMD3aUY9dee69xGJ2/DZvSiqUqrY=",
        "owner": "nixos",
        "repo": "nixpkgs",
        "rev": "b4d23f5bfc0cfaabf7677d836f100ec44138f139",
        "type": "github"
      },
      "original": {
        "owner": "nixos",
        "ref": "nixos-24.11-small",
        "repo": "nixpkgs",
        "type": "github"
      }
    },
    "root": {
      "inputs": {
        "nixpkgs": "nixpkgs",
        "utilities": "utilities"
      }
    },
    "utilities": {
      "inputs": {
        "nixpkgs": [
          "nixpkgs"
        ]
      },
      "locked": {
        "lastModified": 1738993990,
        "narHash": "sha256-dlhBqTBgM6SGwhIWy23xHOffAQ/xeHmqOHjP6rNnQGw=",
        "owner": "master-software-gmbh",
        "repo": "nixos-utilities",
        "rev": "50d9c901737be56fc0c1bd3e9baa6975ade50266",
        "type": "github"
      },
      "original": {
        "owner": "master-software-gmbh",
        "repo": "nixos-utilities",
        "type": "github"
      }
    }
  },
  "root": "root",
  "version": 7
}
