{
  "nodes": {
    "nixpkgs": {
      "locked": {
        "lastModified": 1750969886,
        "narHash": "sha256-zW/OFnotiz/ndPFdebpo3X0CrbVNf22n4DjN2vxlb58=",
        "owner": "nixos",
        "repo": "nixpkgs",
        "rev": "a676066377a2fe7457369dd37c31fd2263b662f4",
        "type": "github"
      },
      "original": {
        "owner": "nixos",
        "ref": "nixos-25.05",
        "repo": "nixpkgs",
        "type": "github"
      }
    },
    "root": {
      "inputs": {
        "nixpkgs": "nixpkgs",
        "utilities": "utilities"
      }
    },
    "utilities": {
      "inputs": {
        "nixpkgs": [
          "nixpkgs"
        ]
      },
      "locked": {
        "lastModified": 1749029181,
        "narHash": "sha256-SwSpsujE1vcBq66aEX6x9wulmQON2Cy1U/XQnPOeat0=",
        "owner": "master-software-gmbh",
        "repo": "nixos-utilities",
        "rev": "192b3fae1061488210d468b0a54d79892f0e9c1c",
        "type": "github"
      },
      "original": {
        "owner": "master-software-gmbh",
        "repo": "nixos-utilities",
        "type": "github"
      }
    }
  },
  "root": "root",
  "version": 7
}
