{
  "nodes": {
    "nixpkgs": {
      "locked": {
        "lastModified": 1740865531,
        "narHash": "sha256-h00vGIh/jxcGl8aWdfnVRD74KuLpyY3mZgMFMy7iKIc=",
        "owner": "nixos",
        "repo": "nixpkgs",
        "rev": "5ef6c425980847c78a80d759abc476e941a9bf42",
        "type": "github"
      },
      "original": {
        "owner": "nixos",
        "ref": "nixos-24.11",
        "repo": "nixpkgs",
        "type": "github"
      }
    },
    "root": {
      "inputs": {
        "nixpkgs": "nixpkgs",
        "utilities": "utilities"
      }
    },
    "utilities": {
      "inputs": {
        "nixpkgs": [
          "nixpkgs"
        ]
      },
      "locked": {
        "lastModified": 1748715007,
        "narHash": "sha256-Gxq8stUz8jl7mANbPcQKPI2P05vcpcHy0vbR8D9cZGo=",
        "owner": "master-software-gmbh",
        "repo": "nixos-utilities",
        "rev": "2df3f9a138a2d1af0067af1842998866d7a616f9",
        "type": "github"
      },
      "original": {
        "owner": "master-software-gmbh",
        "repo": "nixos-utilities",
        "type": "github"
      }
    }
  },
  "root": "root",
  "version": 7
}
